
Microsoft Visual Studio Solution File, Format Version 12.00
# Visual Studio 15
VisualStudioVersion = 15.0.28010.2046
MinimumVisualStudioVersion = 10.0.40219.1
Project("{FAE04EC0-301F-11D3-BF4B-00C04F79EFBC}") = "TGramIntegration", "TGramIntegration\TGramIntegration.csproj", "{15480B4F-33CD-4140-9458-3CB247B513B2}"
EndProject
Global
	GlobalSection(SolutionConfigurationPlatforms) = preSolution
		Debug|Any CPU = Debug|Any CPU
		Release|Any CPU = Release|Any CPU
	EndGlobalSection
	GlobalSection(ProjectConfigurationPlatforms) = postSolution
		{15480B4F-33CD-4140-9458-3CB247B513B2}.Debug|Any CPU.ActiveCfg = Debug|Any CPU
		{15480B4F-33CD-4140-9458-3CB247B513B2}.Debug|Any CPU.Build.0 = Debug|Any CPU
		{15480B4F-33CD-4140-9458-3CB247B513B2}.Release|Any CPU.ActiveCfg = Release|Any CPU
		{15480B4F-33CD-4140-9458-3CB247B513B2}.Release|Any CPU.Build.0 = Release|Any CPU
	EndGlobalSection
	GlobalSection(SolutionProperties) = preSolution
		HideSolutionNode = FALSE
	EndGlobalSection
	GlobalSection(ExtensibilityGlobals) = postSolution
		SolutionGuid = {255BF500-5DA1-4C78-8614-D72D4386DB18}
	EndGlobalSection
EndGlobal
